
Microsoft Visual Studio Solution File, Format Version 12.00
# Visual Studio Version 16
VisualStudioVersion = 16.0.32228.343
MinimumVisualStudioVersion = 10.0.40219.1
Project("{9A19103F-16F7-4668-BE54-9A1E7A4F7556}") = "MatrixSort", "MatrixSort\MatrixSort.csproj", "{D2CF0C89-70BE-4A97-A3CB-662F84519E2B}"
EndProject
Project("{FAE04EC0-301F-11D3-BF4B-00C04F79EFBC}") = "MatrixSortTests", "MatrixSortTests\MatrixSortTests.csproj", "{DB3BA829-E67B-4564-BA4E-46EDA667DB75}"
	ProjectSection(ProjectDependencies) = postProject
		{D2CF0C89-70BE-4A97-A3CB-662F84519E2B} = {D2CF0C89-70BE-4A97-A3CB-662F84519E2B}
	EndProjectSection
EndProject
Global
	GlobalSection(SolutionConfigurationPlatforms) = preSolution
		Debug|Any CPU = Debug|Any CPU
		Release|Any CPU = Release|Any CPU
	EndGlobalSection
	GlobalSection(ProjectConfigurationPlatforms) = postSolution
		{D2CF0C89-70BE-4A97-A3CB-662F84519E2B}.Debug|Any CPU.ActiveCfg = Debug|Any CPU
		{D2CF0C89-70BE-4A97-A3CB-662F84519E2B}.Debug|Any CPU.Build.0 = Debug|Any CPU
		{D2CF0C89-70BE-4A97-A3CB-662F84519E2B}.Release|Any CPU.ActiveCfg = Release|Any CPU
		{D2CF0C89-70BE-4A97-A3CB-662F84519E2B}.Release|Any CPU.Build.0 = Release|Any CPU
		{DB3BA829-E67B-4564-BA4E-46EDA667DB75}.Debug|Any CPU.ActiveCfg = Debug|Any CPU
		{DB3BA829-E67B-4564-BA4E-46EDA667DB75}.Debug|Any CPU.Build.0 = Debug|Any CPU
		{DB3BA829-E67B-4564-BA4E-46EDA667DB75}.Release|Any CPU.ActiveCfg = Release|Any CPU
		{DB3BA829-E67B-4564-BA4E-46EDA667DB75}.Release|Any CPU.Build.0 = Release|Any CPU
	EndGlobalSection
	GlobalSection(SolutionProperties) = preSolution
		HideSolutionNode = FALSE
	EndGlobalSection
	GlobalSection(ExtensibilityGlobals) = postSolution
		SolutionGuid = {F4847611-1EC0-4848-92EF-99CEBFF9B760}
	EndGlobalSection
EndGlobal
