
Microsoft Visual Studio Solution File, Format Version 12.00
# Visual Studio Version 16
VisualStudioVersion = 16.0.32228.343
MinimumVisualStudioVersion = 10.0.40219.1
Project("{9A19103F-16F7-4668-BE54-9A1E7A4F7556}") = "ObserverSubscribers", "ObserverSubscribers\ObserverSubscribers.csproj", "{97CD86E6-4134-442A-BA45-DD376F6110D3}"
EndProject
Project("{FAE04EC0-301F-11D3-BF4B-00C04F79EFBC}") = "TestProject3", "TestProject3\TestProject3.csproj", "{990A04A0-50F7-4448-9F18-C0B5CA0CCFC1}"
EndProject
Global
	GlobalSection(SolutionConfigurationPlatforms) = preSolution
		Debug|Any CPU = Debug|Any CPU
		Release|Any CPU = Release|Any CPU
	EndGlobalSection
	GlobalSection(ProjectConfigurationPlatforms) = postSolution
		{97CD86E6-4134-442A-BA45-DD376F6110D3}.Debug|Any CPU.ActiveCfg = Debug|Any CPU
		{97CD86E6-4134-442A-BA45-DD376F6110D3}.Debug|Any CPU.Build.0 = Debug|Any CPU
		{97CD86E6-4134-442A-BA45-DD376F6110D3}.Release|Any CPU.ActiveCfg = Release|Any CPU
		{97CD86E6-4134-442A-BA45-DD376F6110D3}.Release|Any CPU.Build.0 = Release|Any CPU
		{990A04A0-50F7-4448-9F18-C0B5CA0CCFC1}.Debug|Any CPU.ActiveCfg = Debug|Any CPU
		{990A04A0-50F7-4448-9F18-C0B5CA0CCFC1}.Debug|Any CPU.Build.0 = Debug|Any CPU
		{990A04A0-50F7-4448-9F18-C0B5CA0CCFC1}.Release|Any CPU.ActiveCfg = Release|Any CPU
		{990A04A0-50F7-4448-9F18-C0B5CA0CCFC1}.Release|Any CPU.Build.0 = Release|Any CPU
	EndGlobalSection
	GlobalSection(SolutionProperties) = preSolution
		HideSolutionNode = FALSE
	EndGlobalSection
	GlobalSection(ExtensibilityGlobals) = postSolution
		SolutionGuid = {5FBB9203-3FD2-4835-98C2-59A8B663F55D}
	EndGlobalSection
EndGlobal
